
Microsoft Visual Studio Solution File, Format Version 12.00
# Visual Studio Version 16
VisualStudioVersion = 16.0.30204.135
MinimumVisualStudioVersion = 10.0.40219.1
Project("{9A19103F-16F7-4668-BE54-9A1E7A4F7556}") = "DSQLDM", "DSQLDM.csproj", "{B7A0E278-1F72-4BBF-88A3-F76CA5C20C64}"
EndProject
Global
	GlobalSection(SolutionConfigurationPlatforms) = preSolution
		Debug|Any CPU = Debug|Any CPU
		Release|Any CPU = Release|Any CPU
	EndGlobalSection
	GlobalSection(ProjectConfigurationPlatforms) = postSolution
		{B7A0E278-1F72-4BBF-88A3-F76CA5C20C64}.Debug|Any CPU.ActiveCfg = Debug|Any CPU
		{B7A0E278-1F72-4BBF-88A3-F76CA5C20C64}.Debug|Any CPU.Build.0 = Debug|Any CPU
		{B7A0E278-1F72-4BBF-88A3-F76CA5C20C64}.Release|Any CPU.ActiveCfg = Release|Any CPU
		{B7A0E278-1F72-4BBF-88A3-F76CA5C20C64}.Release|Any CPU.Build.0 = Release|Any CPU
	EndGlobalSection
	GlobalSection(SolutionProperties) = preSolution
		HideSolutionNode = FALSE
	EndGlobalSection
	GlobalSection(ExtensibilityGlobals) = postSolution
		SolutionGuid = {866FD5CA-EDAD-4A0E-A13C-1777C82BDF84}
	EndGlobalSection
EndGlobal
